
Microsoft Visual Studio Solution File, Format Version 12.00
# Visual Studio Version 17
VisualStudioVersion = 17.11.35327.3
MinimumVisualStudioVersion = 10.0.40219.1
Project("{8BC9CEB8-8B4A-11D0-8D11-00A0C91BC942}") = "MyArray template", "MyArray template.vcxproj", "{BAB59142-CB5F-4F41-8B6C-EEA79A4C550D}"
EndProject
Global
	GlobalSection(SolutionConfigurationPlatforms) = preSolution
		Debug|x64 = Debug|x64
		Debug|x86 = Debug|x86
		Release|x64 = Release|x64
		Release|x86 = Release|x86
	EndGlobalSection
	GlobalSection(ProjectConfigurationPlatforms) = postSolution
		{BAB59142-CB5F-4F41-8B6C-EEA79A4C550D}.Debug|x64.ActiveCfg = Debug|x64
		{BAB59142-CB5F-4F41-8B6C-EEA79A4C550D}.Debug|x64.Build.0 = Debug|x64
		{BAB59142-CB5F-4F41-8B6C-EEA79A4C550D}.Debug|x86.ActiveCfg = Debug|Win32
		{BAB59142-CB5F-4F41-8B6C-EEA79A4C550D}.Debug|x86.Build.0 = Debug|Win32
		{BAB59142-CB5F-4F41-8B6C-EEA79A4C550D}.Release|x64.ActiveCfg = Release|x64
		{BAB59142-CB5F-4F41-8B6C-EEA79A4C550D}.Release|x64.Build.0 = Release|x64
		{BAB59142-CB5F-4F41-8B6C-EEA79A4C550D}.Release|x86.ActiveCfg = Release|Win32
		{BAB59142-CB5F-4F41-8B6C-EEA79A4C550D}.Release|x86.Build.0 = Release|Win32
	EndGlobalSection
	GlobalSection(SolutionProperties) = preSolution
		HideSolutionNode = FALSE
	EndGlobalSection
	GlobalSection(ExtensibilityGlobals) = postSolution
		SolutionGuid = {509BF0F4-1AB2-4AE0-9ADF-F90462DCDB71}
	EndGlobalSection
EndGlobal
